
Microsoft Visual Studio Solution File, Format Version 11.00
# Visual C++ Express 2010
Project("{8BC9CEB8-8B4A-11D0-8D11-00A0C91BC942}") = "1", "1\1.vcxproj", "{B13B439E-1A8B-4C08-BE7E-DFA5D7F7C364}"
EndProject
Global
	GlobalSection(SolutionConfigurationPlatforms) = preSolution
		Debug|Win32 = Debug|Win32
		Release|Win32 = Release|Win32
	EndGlobalSection
	GlobalSection(ProjectConfigurationPlatforms) = postSolution
		{B13B439E-1A8B-4C08-BE7E-DFA5D7F7C364}.Debug|Win32.ActiveCfg = Debug|Win32
		{B13B439E-1A8B-4C08-BE7E-DFA5D7F7C364}.Debug|Win32.Build.0 = Debug|Win32
		{B13B439E-1A8B-4C08-BE7E-DFA5D7F7C364}.Release|Win32.ActiveCfg = Release|Win32
		{B13B439E-1A8B-4C08-BE7E-DFA5D7F7C364}.Release|Win32.Build.0 = Release|Win32
	EndGlobalSection
	GlobalSection(SolutionProperties) = preSolution
		HideSolutionNode = FALSE
	EndGlobalSection
EndGlobal
