
Microsoft Visual Studio Solution File, Format Version 12.00
# Visual Studio Version 17
VisualStudioVersion = 17.7.34202.233
MinimumVisualStudioVersion = 10.0.40219.1
Project("{8BC9CEB8-8B4A-11D0-8D11-00A0C91BC942}") = "stackpoint", "stackpoint\stackpoint.vcxproj", "{9F806220-0984-4935-A619-2883BD1EA182}"
EndProject
Global
	GlobalSection(SolutionConfigurationPlatforms) = preSolution
		Debug|x64 = Debug|x64
		Debug|x86 = Debug|x86
		Release|x64 = Release|x64
		Release|x86 = Release|x86
	EndGlobalSection
	GlobalSection(ProjectConfigurationPlatforms) = postSolution
		{9F806220-0984-4935-A619-2883BD1EA182}.Debug|x64.ActiveCfg = Debug|x64
		{9F806220-0984-4935-A619-2883BD1EA182}.Debug|x64.Build.0 = Debug|x64
		{9F806220-0984-4935-A619-2883BD1EA182}.Debug|x86.ActiveCfg = Debug|Win32
		{9F806220-0984-4935-A619-2883BD1EA182}.Debug|x86.Build.0 = Debug|Win32
		{9F806220-0984-4935-A619-2883BD1EA182}.Release|x64.ActiveCfg = Release|x64
		{9F806220-0984-4935-A619-2883BD1EA182}.Release|x64.Build.0 = Release|x64
		{9F806220-0984-4935-A619-2883BD1EA182}.Release|x86.ActiveCfg = Release|Win32
		{9F806220-0984-4935-A619-2883BD1EA182}.Release|x86.Build.0 = Release|Win32
	EndGlobalSection
	GlobalSection(SolutionProperties) = preSolution
		HideSolutionNode = FALSE
	EndGlobalSection
	GlobalSection(ExtensibilityGlobals) = postSolution
		SolutionGuid = {23BF81FF-F972-4436-A09F-BB3597205D2E}
	EndGlobalSection
EndGlobal
